[[package]]
category = "main"
description = "Annotated Data."
name = "anndata"
optional = false
python-versions = ">=3.5"
version = "0.6.20"

[package.dependencies]
h5py = "*"
natsort = "*"
numpy = ">=1.14,<2.0"
pandas = ">=0.23.0"
scipy = ">=1.0,<2.0"

[[package]]
category = "dev"
description = "Atomic file writes."
name = "atomicwrites"
optional = false
python-versions = ">=2.7, !=3.0.*, !=3.1.*, !=3.2.*, !=3.3.*"
version = "1.3.0"

[[package]]
category = "dev"
description = "Classes Without Boilerplate"
name = "attrs"
optional = false
python-versions = ">=2.7, !=3.0.*, !=3.1.*, !=3.2.*, !=3.3.*"
version = "19.1.0"

[[package]]
category = "main"
description = "Python package for providing Mozilla's CA Bundle."
name = "certifi"
optional = false
python-versions = "*"
version = "2019.3.9"

[[package]]
category = "main"
description = "Universal encoding detector for Python 2 and 3"
name = "chardet"
optional = false
python-versions = "*"
version = "3.0.4"

[[package]]
category = "main"
description = "Composable command line interface toolkit"
name = "click"
optional = false
python-versions = ">=2.7, !=3.0.*, !=3.1.*, !=3.2.*, !=3.3.*"
version = "7.0"

[[package]]
category = "dev"
description = "Cross-platform colored terminal text."
marker = "sys_platform == \"win32\""
name = "colorama"
optional = false
python-versions = ">=2.7, !=3.0.*, !=3.1.*, !=3.2.*, !=3.3.*"
version = "0.4.1"

[[package]]
category = "main"
description = "Composable style cycles"
name = "cycler"
optional = false
python-versions = "*"
version = "0.10.0"

[package.dependencies]
six = "*"

[[package]]
category = "main"
description = "Better living through Python with decorators"
name = "decorator"
optional = false
python-versions = ">=2.6, !=3.0.*, !=3.1.*"
version = "4.4.0"

[[package]]
category = "main"
description = "A Python library for the Docker Engine API."
name = "docker"
optional = false
python-versions = ">=2.7, !=3.0.*, !=3.1.*, !=3.2.*, !=3.3.*, !=3.4.*"
version = "4.0.1"

[package.dependencies]
requests = ">=2.14.2,<2.18.0 || >2.18.0"
six = ">=1.4.0"
websocket-client = ">=0.32.0"

[package.dependencies.pypiwin32]
python = ">=3.6"
version = "223"

[[package]]
category = "main"
description = "Python 3.4 Enum backported to 3.3, 3.2, 3.1, 2.7, 2.6, 2.5, and 2.4"
name = "enum34"
optional = false
python-versions = "*"
version = "1.1.6"

[[package]]
category = "main"
description = "Python function signatures from PEP362 for Python 2.6, 2.7 and 3.2+"
name = "funcsigs"
optional = false
python-versions = "*"
version = "1.0.2"

[[package]]
category = "main"
description = "Git Object Database"
name = "gitdb2"
optional = false
python-versions = ">=2.7, !=3.0.*, !=3.1.*, !=3.2.*, !=3.3.*"
version = "2.0.5"

[package.dependencies]
smmap2 = ">=2.0.0"

[[package]]
category = "main"
description = "Python Git Library"
name = "gitpython"
optional = false
python-versions = ">=2.7, !=3.0.*, !=3.1.*, !=3.2.*, !=3.3.*"
version = "2.1.11"

[package.dependencies]
gitdb2 = ">=2.0.0"

[[package]]
category = "main"
description = "Read and write HDF5 files from Python"
name = "h5py"
optional = false
python-versions = "*"
version = "2.9.0"

[package.dependencies]
numpy = ">=1.7"
six = "*"

[[package]]
category = "main"
description = "Internationalized Domain Names in Applications (IDNA)"
name = "idna"
optional = false
python-versions = ">=2.7, !=3.0.*, !=3.1.*, !=3.2.*, !=3.3.*"
version = "2.8"

[[package]]
category = "main"
description = "Lightweight pipelining: using Python functions as pipeline jobs."
name = "joblib"
optional = false
python-versions = "*"
version = "0.13.2"

[[package]]
category = "main"
description = "A fast implementation of the Cassowary constraint solver"
name = "kiwisolver"
optional = false
python-versions = ">=2.7, !=3.0.*, !=3.1.*, !=3.2.*, !=3.3.*"
version = "1.1.0"

[package.dependencies]
setuptools = "*"

[[package]]
category = "main"
description = "Leiden is a general algorithm for methods of community detection in large networks."
name = "leidenalg"
optional = false
python-versions = "*"
version = "0.7.0"

[package.dependencies]
python-igraph = ">=0.7.1.0"

[[package]]
category = "main"
description = "lightweight wrapper around basic LLVM functionality"
name = "llvmlite"
optional = false
python-versions = "*"
version = "0.28.0"

[package.dependencies]
enum34 = "*"

[[package]]
category = "main"
description = "Python plotting package"
name = "matplotlib"
optional = false
python-versions = ">=3.6"
version = "3.1.0"

[package.dependencies]
cycler = ">=0.10"
kiwisolver = ">=1.0.1"
numpy = ">=1.11"
pyparsing = ">=2.0.1,<2.0.4 || >2.0.4,<2.1.2 || >2.1.2,<2.1.6 || >2.1.6"
python-dateutil = ">=2.1"

[[package]]
category = "main"
description = "Rolling backport of unittest.mock for all Pythons"
name = "mock"
optional = false
python-versions = ">=2.7, !=3.0.*, !=3.1.*, !=3.2.*, !=3.3.*"
version = "3.0.5"

[package.dependencies]
six = "*"

[[package]]
category = "dev"
description = "More routines for operating on iterables, beyond itertools"
name = "more-itertools"
optional = false
python-versions = ">=3.4"
version = "7.0.0"

[[package]]
category = "main"
description = "Simple yet flexible natural sorting in Python."
name = "natsort"
optional = false
python-versions = ">=2.7, !=3.0.*, !=3.1.*, !=3.2.*, !=3.3.*"
version = "6.0.0"

[[package]]
category = "main"
description = "Python package for creating and manipulating graphs and networks"
name = "networkx"
optional = false
python-versions = ">=3.5"
version = "2.3"

[package.dependencies]
decorator = ">=4.3.0"

[[package]]
category = "main"
description = "compiling Python code using LLVM"
name = "numba"
optional = false
python-versions = "*"
version = "0.43.1"

[package.dependencies]
enum34 = "*"
funcsigs = "*"
llvmlite = ">=0.28.0dev0"
numpy = "*"
singledispatch = "*"

[[package]]
category = "main"
description = "Fast numerical expression evaluator for NumPy"
name = "numexpr"
optional = false
python-versions = "*"
version = "2.6.9"

[package.dependencies]
numpy = ">=1.7"

[[package]]
category = "main"
description = "NumPy is the fundamental package for array computing with Python."
name = "numpy"
optional = false
python-versions = ">=2.7,!=3.0.*,!=3.1.*,!=3.2.*,!=3.3.*"
version = "1.16.3"

[[package]]
category = "main"
description = "Powerful data structures for data analysis, time series, and statistics"
name = "pandas"
optional = false
python-versions = ">=2.7,!=3.0.*,!=3.1.*,!=3.2.*,!=3.3.*,!=3.4.*"
version = "0.24.2"

[package.dependencies]
numpy = ">=1.12.0"
python-dateutil = ">=2.5.0"
pytz = ">=2011k"

[[package]]
category = "main"
description = "A Python package for describing statistical models and for building design matrices."
name = "patsy"
optional = false
python-versions = "*"
version = "0.5.1"

[package.dependencies]
numpy = ">=1.4"
six = "*"

[[package]]
category = "dev"
description = "plugin and hook calling mechanisms for python"
name = "pluggy"
optional = false
python-versions = ">=2.7, !=3.0.*, !=3.1.*, !=3.2.*, !=3.3.*"
version = "0.11.0"

[[package]]
category = "main"
description = "Python Lex & Yacc"
name = "ply"
optional = false
python-versions = "*"
version = "3.11"

[[package]]
category = "main"
description = "Popper CLI tool to generate reproducible papers."
name = "popper"
optional = false
python-versions = "*"
version = "2.1.0"

[package.dependencies]
GitPython = "*"
click = "*"
docker = "*"
pyhcl = "*"
pyyaml = "*"
spython = "*"

[[package]]
category = "dev"
description = "library with cross-python path, ini-parsing, io, code, log facilities"
name = "py"
optional = false
python-versions = ">=2.7, !=3.0.*, !=3.1.*, !=3.2.*, !=3.3.*"
version = "1.8.0"

[[package]]
category = "main"
description = "HCL configuration parser for python"
name = "pyhcl"
optional = false
python-versions = "*"
version = "0.3.12"

[package.dependencies]
ply = ">=3.8,<4"

[[package]]
category = "main"
description = "Python parsing module"
name = "pyparsing"
optional = false
python-versions = ">=2.6, !=3.0.*, !=3.1.*, !=3.2.*"
version = "2.4.0"

[[package]]
category = "main"
description = ""
marker = "sys_platform == \"win32\" and python_version >= \"3.6\""
name = "pypiwin32"
optional = false
python-versions = "*"
version = "223"

[package.dependencies]
pywin32 = ">=223"

[[package]]
category = "dev"
description = "pytest: simple powerful testing with Python"
name = "pytest"
optional = false
python-versions = ">=2.7, !=3.0.*, !=3.1.*, !=3.2.*, !=3.3.*"
version = "3.10.1"

[package.dependencies]
atomicwrites = ">=1.0"
attrs = ">=17.4.0"
colorama = "*"
more-itertools = ">=4.0.0"
pluggy = ">=0.7"
py = ">=1.5.0"
setuptools = "*"
six = ">=1.10.0"

[[package]]
category = "main"
description = "Extensions to the standard Python datetime module"
name = "python-dateutil"
optional = false
python-versions = ">=2.7, !=3.0.*, !=3.1.*, !=3.2.*"
version = "2.8.0"

[package.dependencies]
six = ">=1.5"

[[package]]
category = "main"
description = "High performance graph data structures and algorithms"
name = "python-igraph"
optional = false
python-versions = "*"
version = "0.7.1.post6"

[[package]]
category = "main"
description = "World timezone definitions, modern and historical"
name = "pytz"
optional = false
python-versions = "*"
version = "2019.1"

[[package]]
category = "main"
description = "Python for Window Extensions"
marker = "sys_platform == \"win32\" and python_version >= \"3.6\""
name = "pywin32"
optional = false
python-versions = "*"
version = "224"

[[package]]
category = "main"
description = "YAML parser and emitter for Python"
name = "pyyaml"
optional = false
python-versions = ">=2.7, !=3.0.*, !=3.1.*, !=3.2.*, !=3.3.*"
version = "5.1"

[[package]]
category = "main"
description = "Python HTTP for Humans."
name = "requests"
optional = false
python-versions = ">=2.7, !=3.0.*, !=3.1.*, !=3.2.*, !=3.3.*, !=3.4.*"
version = "2.22.0"

[package.dependencies]
certifi = ">=2017.4.17"
chardet = ">=3.0.2,<3.1.0"
idna = ">=2.5,<2.9"
urllib3 = ">=1.21.1,<1.25.0 || >1.25.0,<1.25.1 || >1.25.1,<1.26"

[[package]]
category = "main"
description = "Single-Cell Analysis in Python."
name = "scanpy"
optional = false
python-versions = ">=3.5"
version = "1.4.3"

[package.dependencies]
anndata = ">=0.6.15"
h5py = "*"
joblib = "*"
matplotlib = ">=3.0.0"
natsort = "*"
networkx = "*"
numba = ">=0.41.0"
pandas = ">=0.21"
patsy = "*"
scikit-learn = ">=0.19.1"
scipy = "*"
seaborn = "*"
statsmodels = "*"
tables = "*"
tqdm = "*"
umap-learn = ">=0.3.0"

[[package]]
category = "main"
description = "A set of python modules for machine learning and data mining"
name = "scikit-learn"
optional = false
python-versions = ">=3.5"
version = "0.21.2"

[package.dependencies]
joblib = ">=0.11"
numpy = ">=1.11.0"
scipy = ">=0.17.0"

[[package]]
category = "main"
description = "SciPy: Scientific Library for Python"
name = "scipy"
optional = false
python-versions = ">=3.5"
version = "1.3.0"

[package.dependencies]
numpy = ">=1.13.3"

[[package]]
category = "main"
description = "seaborn: statistical data visualization"
name = "seaborn"
optional = false
python-versions = "*"
version = "0.9.0"

[package.dependencies]
matplotlib = ">=1.4.3"
numpy = ">=1.9.3"
pandas = ">=0.15.2"
scipy = ">=0.14.0"

[[package]]
category = "main"
description = "This library brings functools.singledispatch from Python 3.4 to Python 2.6-3.3."
name = "singledispatch"
optional = false
python-versions = "*"
version = "3.4.0.3"

[package.dependencies]
six = "*"

[[package]]
category = "main"
description = "Python 2 and 3 compatibility utilities"
name = "six"
optional = false
python-versions = ">=2.6, !=3.0.*, !=3.1.*"
version = "1.12.0"

[[package]]
category = "main"
description = "A pure Python implementation of a sliding window memory map manager"
name = "smmap2"
optional = false
python-versions = ">=2.7, !=3.0.*, !=3.1.*, !=3.2.*, !=3.3.*"
version = "2.0.5"

[[package]]
category = "main"
description = "Command line python tool for working with singularity."
name = "spython"
optional = false
python-versions = "*"
version = "0.0.58"

[[package]]
category = "main"
description = "Statistical computations and models for Python"
name = "statsmodels"
optional = false
python-versions = "*"
version = "0.9.0"

[[package]]
category = "main"
description = "Hierarchical datasets for Python"
name = "tables"
optional = false
python-versions = "*"
version = "3.5.1"

[package.dependencies]
mock = ">=2.0"
numexpr = ">=2.6.2"
numpy = ">=1.9.3"
six = ">=1.9.0"

[[package]]
category = "main"
description = "Fast, Extensible Progress Meter"
name = "tqdm"
optional = false
python-versions = ">=2.6, !=3.0.*, !=3.1.*"
version = "4.32.1"

[[package]]
category = "main"
description = "Uniform Manifold Approximation and Projection"
name = "umap-learn"
optional = false
python-versions = "*"
version = "0.3.8"

[package.dependencies]
numba = ">=0.37"
numpy = ">=1.13"
scikit-learn = ">=0.16"
scipy = ">=0.19"

[[package]]
category = "main"
description = "HTTP library with thread-safe connection pooling, file post, and more."
name = "urllib3"
optional = false
python-versions = ">=2.7, !=3.0.*, !=3.1.*, !=3.2.*, !=3.3.*, <4"
version = "1.25.3"

[[package]]
category = "main"
description = "WebSocket client for Python. hybi13 is supported."
name = "websocket-client"
optional = false
python-versions = ">=2.6, !=3.0.*, !=3.1.*, !=3.2.*, !=3.3.*"
version = "0.56.0"

[package.dependencies]
six = "*"

[metadata]
content-hash = "84b7139455ab59fe3691f5aab57ac7270499a06f6fa2a75347aa034e65204c51"
python-versions = "^3.7"

[metadata.hashes]
anndata = ["25cf317df9044f799387576bb4644a86d5e3d861a24b73c5d7a57abe1021fa42"]
atomicwrites = ["03472c30eb2c5d1ba9227e4c2ca66ab8287fbfbbda3888aa93dc2e28fc6811b4", "75a9445bac02d8d058d5e1fe689654ba5a6556a1dfd8ce6ec55a0ed79866cfa6"]
attrs = ["69c0dbf2ed392de1cb5ec704444b08a5ef81680a61cb899dc08127123af36a79", "f0b870f674851ecbfbbbd364d6b5cbdff9dcedbc7f3f5e18a6891057f21fe399"]
certifi = ["59b7658e26ca9c7339e00f8f4636cdfe59d34fa37b9b04f6f9e9926b3cece1a5", "b26104d6835d1f5e49452a26eb2ff87fe7090b89dfcaee5ea2212697e1e1d7ae"]
chardet = ["84ab92ed1c4d4f16916e05906b6b75a6c0fb5db821cc65e70cbd64a3e2a5eaae", "fc323ffcaeaed0e0a02bf4d117757b98aed530d9ed4531e3e15460124c106691"]
click = ["2335065e6395b9e67ca716de5f7526736bfa6ceead690adf616d925bdc622b13", "5b94b49521f6456670fdb30cd82a4eca9412788a93fa6dd6df72c94d5a8ff2d7"]
colorama = ["05eed71e2e327246ad6b38c540c4a3117230b19679b875190486ddd2d721422d", "f8ac84de7840f5b9c4e3347b3c1eaa50f7e49c2b07596221daec5edaabbd7c48"]
cycler = ["1d8a5ae1ff6c5cf9b93e8811e581232ad8920aeec647c37316ceac982b08cb2d", "cd7b2d1018258d7247a71425e9f26463dfb444d411c39569972f4ce586b0c9d8"]
decorator = ["86156361c50488b84a3f148056ea716ca587df2f0de1d34750d35c21312725de", "f069f3a01830ca754ba5258fde2278454a0b5b79e0d7f5c13b3b97e57d4acff6"]
docker = ["3db499d4d25847fed86acf8e100c989f7bc0f75a6fff6c52855726ada1d124f6", "f61c37d721b489b7d55ef631b241be2d6a5884c3ffe63dc8f7dd9a3c3cd60489"]
enum34 = ["2d81cbbe0e73112bdfe6ef8576f2238f2ba27dd0d55752a776c41d38b7da2850", "644837f692e5f550741432dd3f223bbb9852018674981b1664e5dc339387588a", "6bd0f6ad48ec2aa117d3d141940d484deccda84d4fcd884f5c3d93c23ecd8c79", "8ad8c4783bf61ded74527bffb48ed9b54166685e4230386a9ed9b1279e2df5b1"]
funcsigs = ["330cc27ccbf7f1e992e69fef78261dc7c6569012cf397db8d3de0234e6c937ca", "a7bb0f2cf3a3fd1ab2732cb49eba4252c2af4240442415b4abce3b87022a8f50"]
gitdb2 = ["83361131a1836661a155172932a13c08bda2db3674e4caa32368aa6eb02f38c2", "e3a0141c5f2a3f635c7209d56c496ebe1ad35da82fe4d3ec4aaa36278d70648a"]
gitpython = ["563221e5a44369c6b79172f455584c9ebbb122a13368cc82cb4b5addff788f82", "8237dc5bfd6f1366abeee5624111b9d6879393d84745a507de0fda86043b65a8"]
h5py = ["05750b91640273c69989c657eaac34b091abdd75efc8c4824c82aaf898a2da0a", "082a27208aa3a2286e7272e998e7e225b2a7d4b7821bd840aebf96d50977abbb", "08e2e8297195f9e813e894b6c63f79372582787795bba2014a2db6a2de95f713", "0dd2adeb2e9de5081eb8dcec88874e7fd35dae9a21557be3a55a3c7d491842a4", "0f94de7a10562b991967a66bbe6dda9808e18088676834c0a4dcec3fdd3bcc6f", "106e42e2e01e486a3d32eeb9ba0e3a7f65c12fa8998d63625fa41fb8bdc44cdb", "1606c66015f04719c41a9863c156fc0e6b992150de21c067444bcb82e7d75579", "1854c4beff9961e477e133143c5e5e355dac0b3ebf19c52cf7cc1b1ef757703c", "1e9fb6f1746500ea91a00193ce2361803c70c6b13f10aae9a33ad7b5bd28e800", "2cca17e80ddb151894333377675db90cd0279fa454776e0a4f74308376afd050", "30e365e8408759db3778c361f1e4e0fe8e98a875185ae46c795a85e9bafb9cdf", "3206bac900e16eda81687d787086f4ffd4f3854980d798e191a9868a6510c3ae", "3c23d72058647cee19b30452acc7895621e2de0a0bd5b8a1e34204b9ea9ed43c", "407b5f911a83daa285bbf1ef78a9909ee5957f257d3524b8606be37e8643c5f0", "4162953714a9212d373ac953c10e3329f1e830d3c7473f2a2e4f25dd6241eef0", "5fc7aba72a51b2c80605eba1c50dbf84224dcd206279d30a75c154e5652e1fe4", "713ac19307e11de4d9833af0c4bd6778bde0a3d967cafd2f0f347223711c1e31", "71b946d80ef3c3f12db157d7778b1fe74a517ca85e94809358b15580983c2ce2", "8cc4aed71e20d87e0a6f02094d718a95252f11f8ed143bc112d22167f08d4040", "9d41ca62daf36d6b6515ab8765e4c8c4388ee18e2a665701fef2b41563821002", "a744e13b000f234cd5a5b2a1f95816b819027c57f385da54ad2b7da1adace2f3", "b087ee01396c4b34e9dc41e3a6a0442158206d383c19c7d0396d52067b17c1cb", "b0f03af381d33306ce67d18275b61acb4ca111ced645381387a02c8a5ee1b796", "b9e4b8dfd587365bdd719ae178fa1b6c1231f81280b1375eef8626dfd8761bf3", "c5dd4ec75985b99166c045909e10f0534704d102848b1d9f0992720e908928e7", "d2b82f23cd862a9d05108fe99967e9edfa95c136f532a71cb3d28dc252771f50", "e58a25764472af07b7e1c4b10b0179c8ea726446c7141076286e41891bf3a563", "f3b49107fbfc77333fc2b1ef4d5de2abcd57e7ea3a1482455229494cf2da56ce"]
idna = ["c357b3f628cf53ae2c4c05627ecc484553142ca23264e593d327bcde5e9c3407", "ea8b7f6188e6fa117537c3df7da9fc686d485087abf6ac197f9c46432f7e4a3c"]
joblib = ["21e0c34a69ad7fde4f2b1f3402290e9ec46f545f15f1541c582edfe05d87b63a", "315d6b19643ec4afd4c41c671f9f2d65ea9d787da093487a81ead7b0bac94524"]
kiwisolver = ["05b5b061e09f60f56244adc885c4a7867da25ca387376b02c1efc29cc16bcd0f", "26f4fbd6f5e1dabff70a9ba0d2c4bd30761086454aa30dddc5b52764ee4852b7", "3b2378ad387f49cbb328205bda569b9f87288d6bc1bf4cd683c34523a2341efe", "400599c0fe58d21522cae0e8b22318e09d9729451b17ee61ba8e1e7c0346565c", "47b8cb81a7d18dbaf4fed6a61c3cecdb5adec7b4ac292bddb0d016d57e8507d5", "53eaed412477c836e1b9522c19858a8557d6e595077830146182225613b11a75", "58e626e1f7dfbb620d08d457325a4cdac65d1809680009f46bf41eaf74ad0187", "5a52e1b006bfa5be04fe4debbcdd2688432a9af4b207a3f429c74ad625022641", "5c7ca4e449ac9f99b3b9d4693debb1d6d237d1542dd6a56b3305fe8a9620f883", "682e54f0ce8f45981878756d7203fd01e188cc6c8b2c5e2cf03675390b4534d5", "79bfb2f0bd7cbf9ea256612c9523367e5ec51d7cd616ae20ca2c90f575d839a2", "7f4dd50874177d2bb060d74769210f3bce1af87a8c7cf5b37d032ebf94f0aca3", "8944a16020c07b682df861207b7e0efcd2f46c7488619cb55f65882279119389", "8aa7009437640beb2768bfd06da049bad0df85f47ff18426261acecd1cf00897", "939f36f21a8c571686eb491acfffa9c7f1ac345087281b412d63ea39ca14ec4a", "9733b7f64bd9f807832d673355f79703f81f0b3e52bfce420fc00d8cb28c6a6c", "a02f6c3e229d0b7220bd74600e9351e18bc0c361b05f29adae0d10599ae0e326", "a0c0a9f06872330d0dd31b45607197caab3c22777600e88031bfe66799e70bb0", "acc4df99308111585121db217681f1ce0eecb48d3a828a2f9bbf9773f4937e9e", "b64916959e4ae0ac78af7c3e8cef4becee0c0e9694ad477b4c6b3a536de6a544", "d3fcf0819dc3fea58be1fd1ca390851bdb719a549850e708ed858503ff25d995", "d52e3b1868a4e8fd18b5cb15055c76820df514e26aa84cc02f593d99fef6707f", "db1a5d3cc4ae943d674718d6c47d2d82488ddd94b93b9e12d24aabdbfe48caee", "e3a21a720791712ed721c7b95d433e036134de6f18c77dbe96119eaf7aa08004", "e8bf074363ce2babeb4764d94f8e65efd22e6a7c74860a4f05a6947afc020ff2", "f16814a4a96dc04bf1da7d53ee8d5b1d6decfc1a92a63349bb15d37b6a263dd9", "f2b22153870ca5cf2ab9c940d7bc38e8e9089fa0f7e5856ea195e1cf4ff43d5a", "f790f8b3dff3d53453de6a7b7ddd173d2e020fb160baff578d578065b108a05f"]
leidenalg = ["4d9af59b4c591dec7aa4d7153e8dc31c17c53602ea0e2d4245c55b545003d71b", "c1c92c5638ef0ccf67ea89ed311cf19116a82e67bf1a015a3e65f00653a3dc95", "ff05e09319f7689c382a85586c0c144c9c14366b1252f4499397d71142594fc3"]
llvmlite = ["035d55963fc45e0074aa0e5659dd2f37c1ebaabe2f803404e4b2857a5c8b692c", "07ed7e38be53611dce7daa36274469dd99995b149c361efc9f509aa8569c2088", "0c5765dca193710ae6bb025961515126cc5ff50121f7eb9b092c422fbc889636", "0dc9bd9e1ec44768dae990d026f9e25467a286d534550bf7185dbb0ddde9850a", "1770d6b4a234cbe87f58ce32bde5d83a7890ad7f1a3cf767baae07baba0f7673", "28b24ab2e95f80b2c4db9f97dd21b1630c35b427e429ac13b841f190146e420d", "2a0703efaf5e0abce62effd200facb5c491e8452471d40866e0afe4f9698261b", "36c280ad6fdfa79e69853ed706a5007ad3d3b9fcc6c4217aca0610b93f25a907", "3e7c020931bca3afb9aaf0a768abee7e689bdede56b1c832cef17d6c3a7d86a1", "4039e6350b22de27576405693b2fe72e8e3f63175f1a6b7f60a97d2235f05ab8", "4c337e847a0f3f491361cb7cc90835b17fbe898994d175e4c8f444fbcf2dffd3", "4e68173ab3be4654ecdbf9238347e23005405f2f5eb6a4e9b48f6e4f0d5a0e50", "4f9a3bac281806fc8d0f06c339ad7f295637edcb2a13621853e024941d53bd0e", "5112f5f7072d3d5c4615cb9f173701a42f3883d26f17ec1b4d8a442f80caa14a", "51fb457dcda0df1cf07ccc89278f9408c4a10504d2d64e44a354e1cb97c96c0f", "55561dffb145356dc1633f3cf325c11675e2d12b23adc6c6c3b4ef268d28d50f", "59c6dcc8a37fee7703b444018d2c2929dce854f15c9a7db868a02ebe2f2e9302", "82f42b16fdea19d0b166bfe2f0b01cab13deec9cb3c47b70a20c870968d0dbe2", "965fd21608977899bd0b9d03b7ce20df5d884753fb50aa34c84cfe11579df7a8", "99bfe5d20344dce92d159f4cdaaac953a1e50b13aaeeab72c4c243bd60ce5819", "a189c0cd8a80e8bbd002a1e422b1efcc2bceab2cb63b961f2d03ab711c3ba45b", "b0decf92f8de3fa2125e7b4822d5460488cfdf0a18b81b482c4865a17e8980af", "ddc7c4e4dd7851f845a3e4044ab4a83a3b6c46462f002b6c8c06bdb5d4a70a9f", "dde4b5e4298976bd721974657ce76178176ea5e55437346b0d52503c0acb5db1", "e91a044a996197c67dd8f73c02ab332c6deca090e3f6152ef0849e5c03e8ca21"]
matplotlib = ["08d9bc2e2acef42965256acd5015dc2c899cbd53e01bf4214c5510c7ea0efd2d", "1e0213f87cc0076f7b0c4c251d7e23601e2419cd98691df79edb95517ba06f0c", "1f31053f660df5f0310118d7f5bd1e8025170e9773f0bebe8fec486d0926adf6", "399bf6352633aeeb45ca55c6c943fa2738022fb17ae498c32a142ced0b41528d", "409a5894efb810d630d2512449c7a4394de9a4d15fc6394e26a409b17d9cc18c", "5c5ef5cf1bc8f483123102e2615644937af7d4c01d100acc72bf74a044a78717", "d0052be5cdfa27018bb08194b8812c47cb985d60eb682e1809c76e9600839516", "e7d6620d145ca9f6c3e88248e5734b6fda430e75e70755b887e48f8e9bc1de2a", "f3d8b6bccc577e4e5ecbd58fdd63cacb8e58f0ed1e97616a7f7a7baaf4b8d036"]
mock = ["83657d894c90d5681d62155c82bda9c1187827525880eda8ff5df4ec813437c3", "d157e52d4e5b938c550f39eb2fd15610db062441a9c2747d3dbfa9298211d0f8"]
more-itertools = ["2112d2ca570bb7c3e53ea1a35cd5df42bb0fd10c45f0fb97178679c3c03d64c7", "c3e4748ba1aad8dba30a4886b0b1a2004f9a863837b8654e7059eebf727afa5a"]
natsort = ["83a8c36b1b2321705d4d7814a7aaf91d0e1bcb7bff119a6ebfe5c9ce3b332d0e", "ff3effb5618232866de8d26e5af4081a4daa9bb0dfed49ac65170e28e45f2776"]
networkx = ["8311ddef63cf5c5c5e7c1d0212dd141d9a1fe3f474915281b73597ed5f1d4e3d"]
numba = ["26ae60dc9b725ff32ea755e99014c6aecd86d28378fa0200bb295e5c3c9c42a5", "34e47e1d9fc2212a60cd09d55cf68e55ea66d23cb97d670ddee0e0c762f8813e", "39459756aa18f7bceb7d9218e43158208840735e3c144b7d3f98ffaeec45e813", "3bc984fc48e4e968000633bfc9ce1678f5225835ef26edb72acecc808762054d", "4ea075d5085e1de558084019b9dc8edddd5af25c5c94dccf6d726e13a3e74065", "56d17b41219f8225013adfdb849fbfcc9f5ce2eae2d0b4aff7657c1c06be2c54", "581b0dd765a1760035fec0ea7b46a8197b0c83aef861f39ced80fdc448f95eca", "5ee873d08fbd8b300a6adcf533cbae5a4331214fffe13c2cd2f9b4f4f7d894f3", "8474ca7cdb688bc57d11641ecd03e752c8bd093a079c9b409ea94c311bdbb4e1", "870610f310a5338b3ca3d391a6abdf4fe3f4e5130d836fae991a95c233ab7b4e", "878dc5da34a9a2390e213290bf15b490fffdab5405afaeb138cf836515fad026", "8c62cd40cd3b080862af68c3e233dafc6aac2e9263d0b328dcc8d82a31f5ac56", "9708df9f05fa0478ab09ce08ab6fef673bd8e15de6d638ca2174202ac7d5a579", "9f63e93377fa40bada25ae02d4e79a206c223c02a794ff9c780ed3a4a403d197", "a7b42d9055da747c1b4cab9747fe5c98dcdbff30884dd003449adfa30d23ba64", "ae3e1c42feda71add88ceee4461ed6804ddb90c352ca09c3958db90689be457b", "c026991084928aebffb0590ccce611a71d08cd8ba8fea690c6ec6b3552b7d9d9", "c5773cae81259b5b834ced7537ee2d625fac29795de5d24e9b751418f53abc91", "c9b5069a9e4e5daf297803697a5819c193e42afa3cfd66bded6f28134adf7330", "ce7669937744a55300336a665e9a3b758601c810a2e9ed0c5d1b619072bff1ea", "d2c48b0f10b09f84f0b1494f408b46d8be45db9b868d9bf312f1c0251de92c45", "d2c8c0327ef365540bf36f1c860af1c7b2f86866738f36264be152b3a54ef888", "e3f19b3cb9fa6a0479a56e0da13e59c8e06fe8392cce5eaa85c7f159ae4570c0", "e7789d473f332a17e40166d2960826d821edd75d148b4ed340a893a334b46fae", "f5f908bf358e2f6d4015a04998da86136f6933f3c0a35eb35c59641475c6cdba"]
numexpr = ["066d7202d3374d42203ce8ba2b007f14397fd083946abafebbc962215ead1759", "08196ac987324dc02147abcf1883b192aa5cd1a56a07c725310f1d0d703d5301", "37b04292cbb1e20bfb3428d5aeebe2bdd13368d458e508998087e40b68d8cc95", "426053be016a3584a10cae13f18692938ff7314988f69edd367b4ff60b370b5b", "47c205a2bca8477eaaa766ca2b86001ca0df4b61ae407196a3ba2420932b5dca", "4b65fe1b4565ccaab7a3617da1bd046987fb7dbc0bbe34e56aa08b05857259d1", "5839cd5f95b4088659cc5f6d25936c6a03a75c23be37f94a2885db0f6f234531", "5fe05f123e00170370c759734c395e5a4ae0ad4e6a3d370fd73e0dcd6669e665", "62d2853df0233fc04374679de20f39b93fdb7a664a0ee403fdb8e722328c5d4d", "688a25cfcd7be6fcce3f6d59fffca6105541e7a1598144b545b633a266e94113", "6a0470a6c07eaa6aa27affb9ee89ce91070747e44172870b020fd3ebe318950a", "6b70a0c372bb567ddb3039d046cccede284cee2a43688010a4110f6b2fe59421", "7f4e121bd59f3b5f7bbd9ca8873c815277c4994b22cfff8a7d57bdef9d00e939", "8213a3e84f3afadc0a4ab1fc0dab383482297f36dbf84b690bbe698b9b8c2ece", "97920e6c37553571ce55f951080d9e2b28589c1337c3788b5ae66dae3a0131d2", "9992ef8b9598a62364d46d4cb2f0f6285f4c77115f023dca821a50550044d8fc", "9c6b4dfcc978ad50a72f83fbaf0fe4706088f3b2623e365bc05036db4948e15d", "9ef58b5f8debcf0c573968f44709866210696aa476b0d22d9afe88da2bd70add", "a64bfd49359df8f87c34ed601ce857213d8678e314d8c99b972b36e35ff8f98f", "aa5b238af8f2915b39374d764ec0daa3d0a975a798f162c3ca30f1cd9fa9a274", "ae5c73f7412b7e70c88f6b384ad61e123d909b0c81a8d5edd33239eb9b5b3111", "c3850466765b9b374ff2ff40974a7b4b278b875f94314e038043f534aff8e139", "e99213c7fa5ffd5572afe065bab7a8507d750221e3fbba43fc15151056d108a1", "eac513cd2424c5f1b2c75bcb06402da407d74bb6f72584d599218228060c2468", "ecb0d0a1ac843f2b8c7afdc0c3ec4fcfcc275bbd0750065cc4112fcd14904c90", "ed96bc38a37fc34406ef76595235e5966d7d3a4123018e9a91d1b7307b4af425", "ee4c526517d89f92c9b9f9c1937ab15c9e3d33864213b4488e1dd30fbc43c87f", "fc218b777cdbb14fa8cff8f28175ee631bacabbdd41ca34e061325b6c44a6fa6"]
numpy = ["0e2eed77804b2a6a88741f8fcac02c5499bba3953ec9c71e8b217fad4912c56c", "1c666f04553ef70fda54adf097dbae7080645435fc273e2397f26bbf1d127bbb", "1f46532afa7b2903bfb1b79becca2954c0a04389d19e03dc73f06b039048ac40", "315fa1b1dfc16ae0f03f8fd1c55f23fd15368710f641d570236f3d78af55e340", "3d5fcea4f5ed40c3280791d54da3ad2ecf896f4c87c877b113576b8280c59441", "48241759b99d60aba63b0e590332c600fc4b46ad597c9b0a53f350b871ef0634", "4b4f2924b36d857cf302aec369caac61e43500c17eeef0d7baacad1084c0ee84", "54fe3b7ed9e7eb928bbc4318f954d133851865f062fa4bbb02ef8940bc67b5d2", "5a8f021c70e6206c317974c93eaaf9bc2b56295b6b1cacccf88846e44a1f33fc", "754a6be26d938e6ca91942804eb209307b73f806a1721176278a6038869a1686", "771147e654e8b95eea1293174a94f34e2e77d5729ad44aefb62fbf8a79747a15", "78a6f89da87eeb48014ec652a65c4ffde370c036d780a995edaeb121d3625621", "7fde5c2a3a682a9e101e61d97696687ebdba47637611378b4127fe7e47fdf2bf", "80d99399c97f646e873dd8ce87c38cfdbb668956bbc39bc1e6cac4b515bba2a0", "88a72c1e45a0ae24d1f249a529d9f71fe82e6fa6a3fd61414b829396ec585900", "a4f4460877a16ac73302a9c077ca545498d9fe64e6a81398d8e1a67e4695e3df", "a61255a765b3ac73ee4b110b28fccfbf758c985677f526c2b4b39c48cc4b509d", "ab4896a8c910b9a04c0142871d8800c76c8a2e5ff44763513e1dd9d9631ce897", "abbd6b1c2ef6199f4b7ca9f818eb6b31f17b73a6110aadc4e4298c3f00fab24e", "b16d88da290334e33ea992c56492326ea3b06233a00a1855414360b77ca72f26", "b78a1defedb0e8f6ae1eb55fa6ac74ab42acc4569c3a2eacc2a407ee5d42ebcb", "cfef82c43b8b29ca436560d51b2251d5117818a8d1fb74a8384a83c096745dad", "d160e57731fcdec2beda807ebcabf39823c47e9409485b5a3a1db3a8c6ce763e"]
pandas = ["071e42b89b57baa17031af8c6b6bbd2e9a5c68c595bc6bf9adabd7a9ed125d3b", "17450e25ae69e2e6b303817bdf26b2cd57f69595d8550a77c308be0cd0fd58fa", "17916d818592c9ec891cbef2e90f98cc85e0f1e89ed0924c9b5220dc3209c846", "2538f099ab0e9f9c9d09bbcd94b47fd889bad06dc7ae96b1ed583f1dc1a7a822", "366f30710172cb45a6b4f43b66c220653b1ea50303fbbd94e50571637ffb9167", "42e5ad741a0d09232efbc7fc648226ed93306551772fc8aecc6dce9f0e676794", "4e718e7f395ba5bfe8b6f6aaf2ff1c65a09bb77a36af6394621434e7cc813204", "4f919f409c433577a501e023943e582c57355d50a724c589e78bc1d551a535a2", "4fe0d7e6438212e839fc5010c78b822664f1a824c0d263fd858f44131d9166e2", "5149a6db3e74f23dc3f5a216c2c9ae2e12920aa2d4a5b77e44e5b804a5f93248", "627594338d6dd995cfc0bacd8e654cd9e1252d2a7c959449228df6740d737eb8", "83c702615052f2a0a7fb1dd289726e29ec87a27272d775cb77affe749cca28f8", "8c872f7fdf3018b7891e1e3e86c55b190e6c5cee70cab771e8f246c855001296", "90f116086063934afd51e61a802a943826d2aac572b2f7d55caaac51c13db5b5", "a3352bacac12e1fc646213b998bce586f965c9d431773d9e91db27c7c48a1f7d", "bcdd06007cca02d51350f96debe51331dec429ac8f93930a43eb8fb5639e3eb5", "c1bd07ebc15285535f61ddd8c0c75d0d6293e80e1ee6d9a8d73f3f36954342d0", "c9a4b7c55115eb278c19aa14b34fcf5920c8fe7797a09b7b053ddd6195ea89b3", "cc8fc0c7a8d5951dc738f1c1447f71c43734244453616f32b8aa0ef6013a5dfb", "d7b460bc316064540ce0c41c1438c416a40746fd8a4fb2999668bf18f3c4acf1"]
patsy = ["5465be1c0e670c3a965355ec09e9a502bf2c4cbe4875e8528b0221190a8a5d40", "f115cec4201e1465cd58b9866b0b0e7b941caafec129869057405bfe5b5e3991"]
pluggy = ["25a1bc1d148c9a640211872b4ff859878d422bccb59c9965e04eed468a0aa180", "964cedd2b27c492fbf0b7f58b3284a09cf7f99b0f715941fb24a439b3af1bd1a"]
ply = ["00c7c1aaa88358b9c765b6d3000c6eec0ba42abca5351b095321aef446081da3", "096f9b8350b65ebd2fd1346b12452efe5b9607f7482813ffca50c22722a807ce"]
popper = ["5ecabcd45e1c05aeb2615920451c2174185f27aff611f5cfc9da102e755de936"]
py = ["64f65755aee5b381cea27766a3a147c3f15b9b6b9ac88676de66ba2ae36793fa", "dc639b046a6e2cff5bbe40194ad65936d6ba360b52b3c3fe1d08a82dd50b5e53"]
pyhcl = ["1ac02b5659df22fe36d0afbb6e258cd78085dd41f0b0c57be0f041ef32baae43"]
pyparsing = ["1873c03321fc118f4e9746baf201ff990ceb915f433f23b395f5580d1840cb2a", "9b6323ef4ab914af344ba97510e966d64ba91055d6b9afa6b30799340e89cc03"]
pypiwin32 = ["67adf399debc1d5d14dffc1ab5acacb800da569754fafdc576b2a039485aa775", "71be40c1fbd28594214ecaecb58e7aa8b708eabfa0125c8a109ebd51edbd776a"]
pytest = ["3f193df1cfe1d1609d4c583838bea3d532b18d6160fd3f55c9447fdca30848ec", "e246cf173c01169b9617fc07264b7b1316e78d7a650055235d6d897bc80d9660"]
python-dateutil = ["7e6584c74aeed623791615e26efd690f29817a27c73085b78e4bad02493df2fb", "c89805f6f4d64db21ed966fda138f8a5ed7a4fdbc1a8ee329ce1b74e3c74da9e"]
python-igraph = ["27c3e787c3513edfa563cf695cf284b6b73a4627f13ce7d06fb39376a37df763", "a5ea42790a077eadb3d1e8f82edc47516fea4a2b26bbf52bfc148370fe0fe676", "d83039ebdbd5a58bdd13aedddf2994c53f40dcba91e5a272293c85d812bf40bb"]
pytz = ["303879e36b721603cc54604edcac9d20401bdbe31e1e4fdee5b9f98d5d31dfda", "d747dd3d23d77ef44c6a3526e274af6efeb0a6f1afd5a69ba4d5be4098c8e141"]
pywin32 = ["22e218832a54ed206452c8f3ca9eff07ef327f8e597569a4c2828be5eaa09a77", "32b37abafbfeddb0fe718008d6aada5a71efa2874f068bee1f9e703983dcc49a", "35451edb44162d2f603b5b18bd427bc88fcbc74849eaa7a7e7cfe0f507e5c0c8", "4eda2e1e50faa706ff8226195b84fbcbd542b08c842a9b15e303589f85bfb41c", "5f265d72588806e134c8e1ede8561739071626ea4cc25c12d526aa7b82416ae5", "6852ceac5fdd7a146b570655c37d9eacd520ed1eaeec051ff41c6fc94243d8bf", "6dbc4219fe45ece6a0cc6baafe0105604fdee551b5e876dc475d3955b77190ec", "9bd07746ce7f2198021a9fa187fa80df7b221ec5e4c234ab6f00ea355a3baf99"]
pyyaml = ["1adecc22f88d38052fb787d959f003811ca858b799590a5eaa70e63dca50308c", "436bc774ecf7c103814098159fbb84c2715d25980175292c648f2da143909f95", "460a5a4248763f6f37ea225d19d5c205677d8d525f6a83357ca622ed541830c2", "5a22a9c84653debfbf198d02fe592c176ea548cccce47553f35f466e15cf2fd4", "7a5d3f26b89d688db27822343dfa25c599627bc92093e788956372285c6298ad", "9372b04a02080752d9e6f990179a4ab840227c6e2ce15b95e1278456664cf2ba", "a5dcbebee834eaddf3fa7366316b880ff4062e4bcc9787b78c7fbb4a26ff2dd1", "aee5bab92a176e7cd034e57f46e9df9a9862a71f8f37cad167c6fc74c65f5b4e", "c51f642898c0bacd335fc119da60baae0824f2cde95b0330b56c0553439f0673", "c68ea4d3ba1705da1e0d85da6684ac657912679a649e8868bd850d2c299cce13", "e23d0cc5299223dcc37885dae624f382297717e459ea24053709675a976a3e19"]
requests = ["11e007a8a2aa0323f5a921e9e6a2d7e4e67d9877e85773fba9ba6419025cbeb4", "9cf5292fcd0f598c671cfc1e0d7d1a7f13bb8085e9a590f48c010551dc6c4b31"]
scanpy = ["2ae88098c6caa403e2a83eb8ea0b8971f9fada53385f0f5ccda4f34fce1590cc", "4da3b34deed62a94e6456bfff261200cd816a08cacd677369275e091ed536e6d"]
scikit-learn = ["051c53f9e900b0e9eccff2391f5317d1673d72e842bcbcd3e5d0b132459086ed", "0aafc312a55ebf58073151b9308761a5fcfa45b7f7730cea4b1f066f824c72db", "185d88ee4955cd68d7ff57356d1dd99cfc2de4b6aa5e5d679cafbc9df54716ff", "195465c39daded4f3ef8759291ffde81365486d4293e63dd9e32de0f569ecbbf", "4a6398500d035a4402476a2e3ae9f65a7a3f1b366ec6a7f6dd45c289f72dc954", "56f14e98632fb9237e7d005c6d8e346d01fa67f7b92f5f5d57a0bd06c741f9f6", "77092513dd780e12affde46a6394b52947db3fc00cf1d8c1c8eede52b37591d1", "7d2cdfe16b1ae6f9a1760b69be27c2004a84fc362984f930df135c847c47b765", "82c3450fc375f27e3529fa05fec627c9fc75915e05fcd55de43f193b3aa907af", "a5fba00d9037b62b0e0906f64efe9e4a754e556bc091cc12f84bc81655b4a414", "acba6bf5928e415b6296799a7aa069b66254c9440bce88ed2e5915865a317093", "b474f00d2533f18761fb17fb0950b27e72baf0796176247b5a7cf0ee369790ee", "ca45e0def97f73a828cee417174fafa0ab35a41f8bdca4424120a29c5589c548", "f09e544a6756afbd9d31e1d8ddfde5a2c9c17f6d4274104c988fceb611e2d5c5", "f979bb85cbfd9ed4d54709d86ab8893b316726abd1c9ab04abe7e6414b71b753", "fb4c7a2294447515fffec33c1f5eedbe942e9be56edb8c6619607e7882531d40"]
scipy = ["03b1e0775edbe6a4c64effb05fff2ce1429b76d29d754aa5ee2d848b60033351", "09d008237baabf52a5d4f5a6fcf9b3c03408f3f61a69c404472a16861a73917e", "10325f0ffac2400b1ec09537b7e403419dcd25d9fee602a44e8a32119af9079e", "1db9f964ed9c52dc5bd6127f0dd90ac89791daa690a5665cc01eae185912e1ba", "409846be9d6bdcbd78b9e5afe2f64b2da5a923dd7c1cd0615ce589489533fdbb", "4907040f62b91c2e170359c3d36c000af783f0fa1516a83d6c1517cde0af5340", "6c0543f2fdd38dee631fb023c0f31c284a532d205590b393d72009c14847f5b1", "826b9f5fbb7f908a13aa1efd4b7321e36992f5868d5d8311c7b40cf9b11ca0e7", "a7695a378c2ce402405ea37b12c7a338a8755e081869bd6b95858893ceb617ae", "a84c31e8409b420c3ca57fd30c7589378d6fdc8d155d866a7f8e6e80dec6fd06", "adadeeae5500de0da2b9e8dd478520d0a9945b577b2198f2462555e68f58e7ef", "b283a76a83fe463c9587a2c88003f800e08c3929dfbeba833b78260f9c209785", "c19a7389ab3cd712058a8c3c9ffd8d27a57f3d84b9c91a931f542682bb3d269d", "c3bb4bd2aca82fb498247deeac12265921fe231502a6bc6edea3ee7fe6c40a7a", "c5ea60ece0c0c1c849025bfc541b60a6751b491b6f11dd9ef37ab5b8c9041921", "db61a640ca20f237317d27bc658c1fc54c7581ff7f6502d112922dc285bdabee"]
seaborn = ["42e627b24e849c2d3bbfd059e00005f6afbc4a76e4895baf44ae23fe8a4b09a5", "76c83f794ca320fb6b23a7c6192d5e185a5fcf4758966a0c0a54baee46d41e2f"]
singledispatch = ["5b06af87df13818d14f08a028e42f566640aef80805c3b50c5056b086e3c2b9c", "833b46966687b3de7f438c761ac475213e53b306740f1abfaa86e1d1aae56aa8"]
six = ["3350809f0555b11f552448330d0b52d5f24c91a322ea4a15ef22629740f3761c", "d16a0141ec1a18405cd4ce8b4613101da75da0e9a7aec5bdd4fa804d0e0eba73"]
smmap2 = ["0555a7bf4df71d1ef4218e4807bbf9b201f910174e6e08af2e138d4e517b4dde", "29a9ffa0497e7f2be94ca0ed1ca1aa3cd4cf25a1f6b4f5f87f74b46ed91d609a"]
spython = ["f572f6e592f8b5681ec7b07b365ea504ed35a4eed00f8743ee4e708a03000981"]
statsmodels = ["0fd6af8db18b776c81c8fba54de20e9ec2f11b9310871b6b666d8805e3cf5ece", "18844bbd95fcf62885d195571334762533ae16de182e1032ccc1595a98ffffb4", "27e87cc6cd390fce8f44df225dadf589e1df6272f36b267ccdece2a9c4f52938", "2902f5eef49fc38c112ffd8168dd76f7ae27f6cb5aa735cf55bc887b49aaec6e", "31c2e26436a992e66355c0b3ef4b7c9714a0aa8375952d24f0593ac7c417b1e9", "5d91ad30b8e20a45f583077ffeb4352be01955033f3dcd09bc06c30be1d29e8f", "5de3d525b9a8679cd6c0f7f7c8cb8508275ab86cc3c1a140b2dc6b6390adb943", "6461f93a842c649922c2c9a9bc9d9c4834110b89de8c4af196a791ab8f42ba3b", "78d1b40c18d41f6c683c1c184be146264a782d409a89d8ed6c78acd1e1c11659", "7c1a7cf557139f4bcbf97172268a8001156e42a7eeccca04d15c0cb7c3491ada", "8532885c5778f94dae7ad83c4ac3f6916d4c8eb294f47ecefe2f0d3b967e6a16", "95d35b33a301ded560662c733780ce58b37e218d122bb1b9c14e216aa9d42a2a", "b48e283ba171698dca3989c0c03e6f25d3f431640383d926235d26ce48f3891c", "b4b4b25c0e4228b1d33098894c3b29f4546e45afb29b333582cbaa5e16f38f3c", "c06fd4af98f4c7ab61c9a79fd051ad4d7247991a691c3b4883c611029bac30a2", "d2003c70c854f35a6446a465c61c994486039feb2fd47345a1e9984e95d55878", "d7182803cdb09f1f17a335c0eae71d84905da9b0bc35c3d2c2379745f33096d9", "d9b85bd98e90a02f2192084a85c857465e40e508629ac922242dba70731d0449", "e2d9fd696e2d1523386d0f64f115352acbfaf59d5ca4c681c23ea064393a2ac4", "ede078fdc9af857ed454d1e9e51831b2d577255c794d4044ecc332d40f3e3b36", "f512afa7bc10b848aaacab5dfff6f61255142dd3a5581f82980c12745b0b6cd3", "fbf789cc6d3fadca4350fa87e5f710ad2628e1fdff71bf8f853ecd49599ebe23"]
tables = ["08ebb38c46a3833acb297f4d9fbb256ed28e0671cb0edef7e4ab6b29134d2f9d", "102e55c6c85790ae58a202d3e1e82b78c8f3bf2ab38490f2b01d7ec9010165de", "1fcf8802f8715731424277ffdd1faf4428371f40aefee1f8b1a14ef8d775ded0", "221f1734ce6318cbf95994c574d78a3f56d57635effd474911116af20d9158cb", "2fcfd88df0a081e7624d80dd991f25ba23f9300950289aa5766b8625db70ec3a", "3354d8d7e9638b6afc8e86b8858576314abac7e8479081c55f43907532866f37", "39c9a942cf1179504d9fe73d00d07c3ae7b434bab822b1ad07dc345442eeb39e", "3f744c006dfc105a0e4674ba4bdad68c2cb9ea2dfd2bb5cb4eb43d87602e8a28", "45987da933b549ae5592a4da9b5bb4e6519eaeada01f2838c301c0ee5b0bc774", "51032a5976f65fcb076b29cd7337b272539bf034aeb1dc3e9c0d28df7d94e2e1", "56967b8497b1aa898b43525e95e2e8b3085f20c30f2f6638af3e59e8cdf340ac", "5b6035ecfff22deb7b82c35e34caa21a92134704af9b60ab006e562061f119f1", "5fc2813c1ef24c88483e0accfd3ce971cfa6e47bbc00538c6d5b06c9ec2675e9", "66880416323b9e00c88f372f57210bc716d14c63eec8afc5dbeed7701955e754", "6aced515f538c2c45afb3c7951df3cea3e9f37df5ef7743e233b35905b7a1d58", "779d51bf969626b92738847686a44aeb9d48a92af9f38b94ad7b9f455fd65f58", "81d036e5c1f3912698507f176499a820e0c6f1f5bf7fa135acd5dc331de95204", "88e2f3be1f143febc8bf8a7fe49ad51fc12518d6a1ac4eb641778d93e5dc2039", "9d65f20af462e1e735414937225d50e126ba4cdca91d5908b0994a3f7d457666", "b17af3f07c9b1afc723742c9f067fa8b3bd034676ca4eefaca8d251f22693342", "b22284e1d9fd4bd3ea4d357ce939078c44af4b23b9a2a3f1189a54a67a93f57a", "d8f4091ca8f521ddea0e7702269b87a721443439981f9ab06544e3dcd6ed314b", "fb7a873a86dfc801256cd295547d7fae2632a09cf37a349f9951a593a178bdc3"]
tqdm = ["0a860bf2683fdbb4812fe539a6c22ea3f1777843ea985cb8c3807db448a0f7ab", "e288416eecd4df19d12407d0c913cbf77aa8009d7fddb18f632aded3bdbdda6b"]
umap-learn = ["f688060bce5495c06cb3e52df0982a63bb7b7755393b9f30e08e0c1791520d15"]
urllib3 = ["b246607a25ac80bedac05c6f282e3cdaf3afb65420fd024ac94435cabe6e18d1", "dbe59173209418ae49d485b87d1681aefa36252ee85884c31346debd19463232"]
websocket-client = ["1151d5fb3a62dc129164292e1227655e4bbc5dd5340a5165dfae61128ec50aa9", "1fd5520878b68b84b5748bb30e592b10d0a91529d5383f74f4964e72b297fd3a"]
